
Microsoft Visual Studio Solution File, Format Version 12.00
# Visual Studio Version 17
VisualStudioVersion = 17.2.32602.215
MinimumVisualStudioVersion = 10.0.40219.1
Project("{FAE04EC0-301F-11D3-BF4B-00C04F79EFBC}") = "ООО _Посуда_", "ООО _Посуда_\ООО _Посуда_.csproj", "{99F3DA47-3D6E-4F12-9852-1F458A7C42D4}"
EndProject
Global
	GlobalSection(SolutionConfigurationPlatforms) = preSolution
		Debug|Any CPU = Debug|Any CPU
		Release|Any CPU = Release|Any CPU
	EndGlobalSection
	GlobalSection(ProjectConfigurationPlatforms) = postSolution
		{99F3DA47-3D6E-4F12-9852-1F458A7C42D4}.Debug|Any CPU.ActiveCfg = Debug|Any CPU
		{99F3DA47-3D6E-4F12-9852-1F458A7C42D4}.Debug|Any CPU.Build.0 = Debug|Any CPU
		{99F3DA47-3D6E-4F12-9852-1F458A7C42D4}.Release|Any CPU.ActiveCfg = Release|Any CPU
		{99F3DA47-3D6E-4F12-9852-1F458A7C42D4}.Release|Any CPU.Build.0 = Release|Any CPU
	EndGlobalSection
	GlobalSection(SolutionProperties) = preSolution
		HideSolutionNode = FALSE
	EndGlobalSection
	GlobalSection(ExtensibilityGlobals) = postSolution
		SolutionGuid = {53722AC6-76A5-48BC-99E5-68049925D043}
	EndGlobalSection
EndGlobal
